
Microsoft Visual Studio Solution File, Format Version 12.00
# Visual Studio Version 17
VisualStudioVersion = 17.13.36105.23 d17.13
MinimumVisualStudioVersion = 10.0.40219.1
Project("{2150E333-8FDC-42A3-9474-1A3956D46DE8}") = "src", "src", "{02EA681E-C7D8-13C7-8484-4AC65E1B71E8}"
EndProject
Project("{2150E333-8FDC-42A3-9474-1A3956D46DE8}") = "tests", "tests", "{8EA91612-95AF-46DE-BECE-77117DBE680E}"
EndProject
Project("{2150E333-8FDC-42A3-9474-1A3956D46DE8}") = "ops", "ops", "{AE239EE5-3A75-486B-BC0C-204D8B9972C2}"
EndProject
Project("{2150E333-8FDC-42A3-9474-1A3956D46DE8}") = "services", "services", "{9E509DED-8D2B-4A0C-98AC-6A500F71FBC4}"
EndProject
Project("{2150E333-8FDC-42A3-9474-1A3956D46DE8}") = "gateway", "gateway", "{F1D9AD7A-A3D6-4CE5-B193-F478C1FA41EC}"
EndProject
Project("{2150E333-8FDC-42A3-9474-1A3956D46DE8}") = "building-blocks", "building-blocks", "{92A501BD-309F-40B6-84CD-9CDF1C872E11}"
EndProject
Project("{FAE04EC0-301F-11D3-BF4B-00C04F79EFBC}") = "OnlineShop.SharedKernel", "src\building-blocks\OnlineShop.SharedKernel\OnlineShop.SharedKernel.csproj", "{3347CD51-99F9-4B43-835D-1DB824668A18}"
EndProject
Project("{FAE04EC0-301F-11D3-BF4B-00C04F79EFBC}") = "OnlineShop.Messaging.Abstractions", "src\building-blocks\OnlineShop.Messaging.Abstractions\OnlineShop.Messaging.Abstractions.csproj", "{B57FCC5C-7C79-4667-9039-F7D7B0E51965}"
EndProject
Project("{FAE04EC0-301F-11D3-BF4B-00C04F79EFBC}") = "OnlineShop.Persistence.Abstractions", "src\building-blocks\OnlineShop.Persistence.Abstractions\OnlineShop.Persistence.Abstractions.csproj", "{73BDDB3A-EECE-4E52-B1D5-2AD6BEB5A149}"
EndProject
Project("{FAE04EC0-301F-11D3-BF4B-00C04F79EFBC}") = "OnlineShop.Observability", "src\building-blocks\OnlineShop.Observability\OnlineShop.Observability.csproj", "{34BC7AA8-2571-4D27-8955-E8BEF0FB4ADC}"
EndProject
Project("{FAE04EC0-301F-11D3-BF4B-00C04F79EFBC}") = "OnlineShop.ApiGateway", "src\gateway\OnlineShop.ApiGateway\OnlineShop.ApiGateway.csproj", "{4D54E5FE-8769-44D4-A1D5-888139C67D4E}"
EndProject
Project("{2150E333-8FDC-42A3-9474-1A3956D46DE8}") = "Notification", "Notification", "{FF408BA9-4D2C-4DAD-A3BD-DD4A59C12073}"
EndProject
Project("{2150E333-8FDC-42A3-9474-1A3956D46DE8}") = "Payment", "Payment", "{0C16E32A-D591-4C43-B193-F5570D34CDEA}"
EndProject
Project("{2150E333-8FDC-42A3-9474-1A3956D46DE8}") = "Inventory", "Inventory", "{CD6FBD17-F708-4823-ADF2-AA96D9854FF1}"
EndProject
Project("{2150E333-8FDC-42A3-9474-1A3956D46DE8}") = "Order", "Order", "{505E102D-1A1D-4182-A445-60B4F18BF2F9}"
EndProject
Project("{2150E333-8FDC-42A3-9474-1A3956D46DE8}") = "Cart", "Cart", "{12BFD526-878E-4B24-982F-A5B032EA9422}"
EndProject
Project("{2150E333-8FDC-42A3-9474-1A3956D46DE8}") = "Search", "Search", "{0A192B5D-BF0C-4925-AFB9-FA5E31165207}"
EndProject
Project("{2150E333-8FDC-42A3-9474-1A3956D46DE8}") = "Catalog", "Catalog", "{8B164B8A-C90C-4D71-9B04-963801645B21}"
EndProject
Project("{2150E333-8FDC-42A3-9474-1A3956D46DE8}") = "Identity", "Identity", "{3BE00498-F915-4B34-9C48-28CB27B074F4}"
EndProject
Project("{FAE04EC0-301F-11D3-BF4B-00C04F79EFBC}") = "OnlineShop.Web.Abstractions", "src\building-blocks\OnlineShop.Web.Abstractions\OnlineShop.Web.Abstractions.csproj", "{132C883D-BA66-4AC9-976C-B2A549BF6D0C}"
EndProject
Project("{FAE04EC0-301F-11D3-BF4B-00C04F79EFBC}") = "OnlineShop.Catalog.Domain", "src\services\Catalog\OnlineShop.Catalog.Domain\OnlineShop.Catalog.Domain.csproj", "{192A5FA7-D665-4071-BADB-B2FC0A508E52}"
EndProject
Project("{FAE04EC0-301F-11D3-BF4B-00C04F79EFBC}") = "OnlineShop.Catalog.Application", "src\services\Catalog\OnlineShop.Catalog.Application\OnlineShop.Catalog.Application.csproj", "{A689476D-16D6-4871-A39F-39670353BB8E}"
EndProject
Project("{FAE04EC0-301F-11D3-BF4B-00C04F79EFBC}") = "OnlineShop.Catalog.Infrastructure", "src\services\Catalog\OnlineShop.Catalog.Infrastructure\OnlineShop.Catalog.Infrastructure.csproj", "{CDBEF47F-923B-4AF7-919D-8FABE65C701F}"
EndProject
Project("{FAE04EC0-301F-11D3-BF4B-00C04F79EFBC}") = "OnlineShop.Catalog.Api", "src\services\Catalog\OnlineShop.Catalog.Api\OnlineShop.Catalog.Api.csproj", "{6109057C-213B-491F-8D77-8A8BB5440D98}"
EndProject
Project("{FAE04EC0-301F-11D3-BF4B-00C04F79EFBC}") = "OnlineShop.Search.Infrastructure", "src\services\Search\OnlineShop.Search.Infrastructure\OnlineShop.Search.Infrastructure.csproj", "{991850FE-028C-4C1C-AF58-FA4E59AF3C70}"
EndProject
Global
	GlobalSection(SolutionConfigurationPlatforms) = preSolution
		Debug|Any CPU = Debug|Any CPU
		Release|Any CPU = Release|Any CPU
	EndGlobalSection
	GlobalSection(ProjectConfigurationPlatforms) = postSolution
		{3347CD51-99F9-4B43-835D-1DB824668A18}.Debug|Any CPU.ActiveCfg = Debug|Any CPU
		{3347CD51-99F9-4B43-835D-1DB824668A18}.Debug|Any CPU.Build.0 = Debug|Any CPU
		{3347CD51-99F9-4B43-835D-1DB824668A18}.Release|Any CPU.ActiveCfg = Release|Any CPU
		{3347CD51-99F9-4B43-835D-1DB824668A18}.Release|Any CPU.Build.0 = Release|Any CPU
		{B57FCC5C-7C79-4667-9039-F7D7B0E51965}.Debug|Any CPU.ActiveCfg = Debug|Any CPU
		{B57FCC5C-7C79-4667-9039-F7D7B0E51965}.Debug|Any CPU.Build.0 = Debug|Any CPU
		{B57FCC5C-7C79-4667-9039-F7D7B0E51965}.Release|Any CPU.ActiveCfg = Release|Any CPU
		{B57FCC5C-7C79-4667-9039-F7D7B0E51965}.Release|Any CPU.Build.0 = Release|Any CPU
		{73BDDB3A-EECE-4E52-B1D5-2AD6BEB5A149}.Debug|Any CPU.ActiveCfg = Debug|Any CPU
		{73BDDB3A-EECE-4E52-B1D5-2AD6BEB5A149}.Debug|Any CPU.Build.0 = Debug|Any CPU
		{73BDDB3A-EECE-4E52-B1D5-2AD6BEB5A149}.Release|Any CPU.ActiveCfg = Release|Any CPU
		{73BDDB3A-EECE-4E52-B1D5-2AD6BEB5A149}.Release|Any CPU.Build.0 = Release|Any CPU
		{34BC7AA8-2571-4D27-8955-E8BEF0FB4ADC}.Debug|Any CPU.ActiveCfg = Debug|Any CPU
		{34BC7AA8-2571-4D27-8955-E8BEF0FB4ADC}.Debug|Any CPU.Build.0 = Debug|Any CPU
		{34BC7AA8-2571-4D27-8955-E8BEF0FB4ADC}.Release|Any CPU.ActiveCfg = Release|Any CPU
		{34BC7AA8-2571-4D27-8955-E8BEF0FB4ADC}.Release|Any CPU.Build.0 = Release|Any CPU
		{4D54E5FE-8769-44D4-A1D5-888139C67D4E}.Debug|Any CPU.ActiveCfg = Debug|Any CPU
		{4D54E5FE-8769-44D4-A1D5-888139C67D4E}.Debug|Any CPU.Build.0 = Debug|Any CPU
		{4D54E5FE-8769-44D4-A1D5-888139C67D4E}.Release|Any CPU.ActiveCfg = Release|Any CPU
		{4D54E5FE-8769-44D4-A1D5-888139C67D4E}.Release|Any CPU.Build.0 = Release|Any CPU
		{132C883D-BA66-4AC9-976C-B2A549BF6D0C}.Debug|Any CPU.ActiveCfg = Debug|Any CPU
		{132C883D-BA66-4AC9-976C-B2A549BF6D0C}.Debug|Any CPU.Build.0 = Debug|Any CPU
		{132C883D-BA66-4AC9-976C-B2A549BF6D0C}.Release|Any CPU.ActiveCfg = Release|Any CPU
		{132C883D-BA66-4AC9-976C-B2A549BF6D0C}.Release|Any CPU.Build.0 = Release|Any CPU
		{192A5FA7-D665-4071-BADB-B2FC0A508E52}.Debug|Any CPU.ActiveCfg = Debug|Any CPU
		{192A5FA7-D665-4071-BADB-B2FC0A508E52}.Debug|Any CPU.Build.0 = Debug|Any CPU
		{192A5FA7-D665-4071-BADB-B2FC0A508E52}.Release|Any CPU.ActiveCfg = Release|Any CPU
		{192A5FA7-D665-4071-BADB-B2FC0A508E52}.Release|Any CPU.Build.0 = Release|Any CPU
		{A689476D-16D6-4871-A39F-39670353BB8E}.Debug|Any CPU.ActiveCfg = Debug|Any CPU
		{A689476D-16D6-4871-A39F-39670353BB8E}.Debug|Any CPU.Build.0 = Debug|Any CPU
		{A689476D-16D6-4871-A39F-39670353BB8E}.Release|Any CPU.ActiveCfg = Release|Any CPU
		{A689476D-16D6-4871-A39F-39670353BB8E}.Release|Any CPU.Build.0 = Release|Any CPU
		{CDBEF47F-923B-4AF7-919D-8FABE65C701F}.Debug|Any CPU.ActiveCfg = Debug|Any CPU
		{CDBEF47F-923B-4AF7-919D-8FABE65C701F}.Debug|Any CPU.Build.0 = Debug|Any CPU
		{CDBEF47F-923B-4AF7-919D-8FABE65C701F}.Release|Any CPU.ActiveCfg = Release|Any CPU
		{CDBEF47F-923B-4AF7-919D-8FABE65C701F}.Release|Any CPU.Build.0 = Release|Any CPU
		{6109057C-213B-491F-8D77-8A8BB5440D98}.Debug|Any CPU.ActiveCfg = Debug|Any CPU
		{6109057C-213B-491F-8D77-8A8BB5440D98}.Debug|Any CPU.Build.0 = Debug|Any CPU
		{6109057C-213B-491F-8D77-8A8BB5440D98}.Release|Any CPU.ActiveCfg = Release|Any CPU
		{6109057C-213B-491F-8D77-8A8BB5440D98}.Release|Any CPU.Build.0 = Release|Any CPU
		{991850FE-028C-4C1C-AF58-FA4E59AF3C70}.Debug|Any CPU.ActiveCfg = Debug|Any CPU
		{991850FE-028C-4C1C-AF58-FA4E59AF3C70}.Debug|Any CPU.Build.0 = Debug|Any CPU
		{991850FE-028C-4C1C-AF58-FA4E59AF3C70}.Release|Any CPU.ActiveCfg = Release|Any CPU
		{991850FE-028C-4C1C-AF58-FA4E59AF3C70}.Release|Any CPU.Build.0 = Release|Any CPU
	EndGlobalSection
	GlobalSection(SolutionProperties) = preSolution
		HideSolutionNode = FALSE
	EndGlobalSection
	GlobalSection(NestedProjects) = preSolution
		{AE239EE5-3A75-486B-BC0C-204D8B9972C2} = {02EA681E-C7D8-13C7-8484-4AC65E1B71E8}
		{9E509DED-8D2B-4A0C-98AC-6A500F71FBC4} = {02EA681E-C7D8-13C7-8484-4AC65E1B71E8}
		{F1D9AD7A-A3D6-4CE5-B193-F478C1FA41EC} = {02EA681E-C7D8-13C7-8484-4AC65E1B71E8}
		{92A501BD-309F-40B6-84CD-9CDF1C872E11} = {02EA681E-C7D8-13C7-8484-4AC65E1B71E8}
		{3347CD51-99F9-4B43-835D-1DB824668A18} = {92A501BD-309F-40B6-84CD-9CDF1C872E11}
		{B57FCC5C-7C79-4667-9039-F7D7B0E51965} = {92A501BD-309F-40B6-84CD-9CDF1C872E11}
		{73BDDB3A-EECE-4E52-B1D5-2AD6BEB5A149} = {92A501BD-309F-40B6-84CD-9CDF1C872E11}
		{34BC7AA8-2571-4D27-8955-E8BEF0FB4ADC} = {92A501BD-309F-40B6-84CD-9CDF1C872E11}
		{4D54E5FE-8769-44D4-A1D5-888139C67D4E} = {F1D9AD7A-A3D6-4CE5-B193-F478C1FA41EC}
		{FF408BA9-4D2C-4DAD-A3BD-DD4A59C12073} = {9E509DED-8D2B-4A0C-98AC-6A500F71FBC4}
		{0C16E32A-D591-4C43-B193-F5570D34CDEA} = {9E509DED-8D2B-4A0C-98AC-6A500F71FBC4}
		{CD6FBD17-F708-4823-ADF2-AA96D9854FF1} = {9E509DED-8D2B-4A0C-98AC-6A500F71FBC4}
		{505E102D-1A1D-4182-A445-60B4F18BF2F9} = {9E509DED-8D2B-4A0C-98AC-6A500F71FBC4}
		{12BFD526-878E-4B24-982F-A5B032EA9422} = {9E509DED-8D2B-4A0C-98AC-6A500F71FBC4}
		{0A192B5D-BF0C-4925-AFB9-FA5E31165207} = {9E509DED-8D2B-4A0C-98AC-6A500F71FBC4}
		{8B164B8A-C90C-4D71-9B04-963801645B21} = {9E509DED-8D2B-4A0C-98AC-6A500F71FBC4}
		{3BE00498-F915-4B34-9C48-28CB27B074F4} = {9E509DED-8D2B-4A0C-98AC-6A500F71FBC4}
		{132C883D-BA66-4AC9-976C-B2A549BF6D0C} = {92A501BD-309F-40B6-84CD-9CDF1C872E11}
		{192A5FA7-D665-4071-BADB-B2FC0A508E52} = {8B164B8A-C90C-4D71-9B04-963801645B21}
		{A689476D-16D6-4871-A39F-39670353BB8E} = {8B164B8A-C90C-4D71-9B04-963801645B21}
		{CDBEF47F-923B-4AF7-919D-8FABE65C701F} = {8B164B8A-C90C-4D71-9B04-963801645B21}
		{6109057C-213B-491F-8D77-8A8BB5440D98} = {8B164B8A-C90C-4D71-9B04-963801645B21}
		{991850FE-028C-4C1C-AF58-FA4E59AF3C70} = {0A192B5D-BF0C-4925-AFB9-FA5E31165207}
	EndGlobalSection
	GlobalSection(ExtensibilityGlobals) = postSolution
		SolutionGuid = {0CEA0C2E-40CA-4093-9279-5F90D606E155}
	EndGlobalSection
EndGlobal
